Microsoft Visual Studio Solution File, Format Version 12.00
# Visual Studio Version 17
VisualStudioVersion = 17.5.2.0
MinimumVisualStudioVersion = 10.0.40219.1
Project("{FAE04EC0-301F-11D3-BF4B-00C04F79EFBC}") = "ProjectCignal", "ProjectCignal.csproj", "{C4C3B207-CDFF-6589-0FF8-9B86C759C2E3}"
EndProject
Global
	GlobalSection(SolutionConfigurationPlatforms) = preSolution
		Debug|Any CPU = Debug|Any CPU
		Release|Any CPU = Release|Any CPU
	EndGlobalSection
	GlobalSection(ProjectConfigurationPlatforms) = postSolution
		{C4C3B207-CDFF-6589-0FF8-9B86C759C2E3}.Debug|Any CPU.ActiveCfg = Debug|Any CPU
		{C4C3B207-CDFF-6589-0FF8-9B86C759C2E3}.Debug|Any CPU.Build.0 = Debug|Any CPU
		{C4C3B207-CDFF-6589-0FF8-9B86C759C2E3}.Release|Any CPU.ActiveCfg = Release|Any CPU
		{C4C3B207-CDFF-6589-0FF8-9B86C759C2E3}.Release|Any CPU.Build.0 = Release|Any CPU
	EndGlobalSection
	GlobalSection(SolutionProperties) = preSolution
		HideSolutionNode = FALSE
	EndGlobalSection
	GlobalSection(ExtensibilityGlobals) = postSolution
		SolutionGuid = {06C1E203-BD8D-4166-A71E-251A157511DA}
	EndGlobalSection
EndGlobal
